
Microsoft Visual Studio Solution File, Format Version 12.00
# Visual Studio Version 17
VisualStudioVersion = 17.5.33424.131
MinimumVisualStudioVersion = 10.0.40219.1
Project("{FAE04EC0-301F-11D3-BF4B-00C04F79EFBC}") = "CryptoStats", "CryptoStats\CryptoStats.csproj", "{58FA5ECF-D593-4E1D-8255-2C1B0BB70347}"
EndProject
Global
	GlobalSection(SolutionConfigurationPlatforms) = preSolution
		Debug|Any CPU = Debug|Any CPU
		Release|Any CPU = Release|Any CPU
	EndGlobalSection
	GlobalSection(ProjectConfigurationPlatforms) = postSolution
		{58FA5ECF-D593-4E1D-8255-2C1B0BB70347}.Debug|Any CPU.ActiveCfg = Debug|Any CPU
		{58FA5ECF-D593-4E1D-8255-2C1B0BB70347}.Debug|Any CPU.Build.0 = Debug|Any CPU
		{58FA5ECF-D593-4E1D-8255-2C1B0BB70347}.Release|Any CPU.ActiveCfg = Release|Any CPU
		{58FA5ECF-D593-4E1D-8255-2C1B0BB70347}.Release|Any CPU.Build.0 = Release|Any CPU
	EndGlobalSection
	GlobalSection(SolutionProperties) = preSolution
		HideSolutionNode = FALSE
	EndGlobalSection
	GlobalSection(ExtensibilityGlobals) = postSolution
		SolutionGuid = {8733D856-CF2D-4379-8961-23B5D5AA99CC}
	EndGlobalSection
EndGlobal
